
Microsoft Visual Studio Solution File, Format Version 12.00
# Visual Studio 2013
VisualStudioVersion = 12.0.31101.0
MinimumVisualStudioVersion = 10.0.40219.1
Project("{FAE04EC0-301F-11D3-BF4B-00C04F79EFBC}") = "SendMail.Net", "SendMail.Net\SendMail.Net.csproj", "{B3340D80-0F0E-4498-9037-F65AF9931EDD}"
EndProject
Global
	GlobalSection(SolutionConfigurationPlatforms) = preSolution
		Debug|Any CPU = Debug|Any CPU
		Release|Any CPU = Release|Any CPU
	EndGlobalSection
	GlobalSection(ProjectConfigurationPlatforms) = postSolution
		{B3340D80-0F0E-4498-9037-F65AF9931EDD}.Debug|Any CPU.ActiveCfg = Debug|Any CPU
		{B3340D80-0F0E-4498-9037-F65AF9931EDD}.Debug|Any CPU.Build.0 = Debug|Any CPU
		{B3340D80-0F0E-4498-9037-F65AF9931EDD}.Release|Any CPU.ActiveCfg = Release|Any CPU
		{B3340D80-0F0E-4498-9037-F65AF9931EDD}.Release|Any CPU.Build.0 = Release|Any CPU
	EndGlobalSection
	GlobalSection(SolutionProperties) = preSolution
		HideSolutionNode = FALSE
	EndGlobalSection
EndGlobal
